// !$*UTF8*$!
{
	archiveVersion = 1;
	classes = {
	};
	objectVersion = 46;
	objects = {

/* Begin PBXBuildFile section */
		666881411925FBF800C61F3E /* Foundation.framework in Frameworks */ = {isa = PBXBuildFile; fileRef = 666881401925FBF800C61F3E /* Foundation.framework */; };
		666881431925FBF800C61F3E /* CoreGraphics.framework in Frameworks */ = {isa = PBXBuildFile; fileRef = 666881421925FBF800C61F3E /* CoreGraphics.framework */; };
		666881451925FBF800C61F3E /* UIKit.framework in Frameworks */ = {isa = PBXBuildFile; fileRef = 666881441925FBF800C61F3E /* UIKit.framework */; };
		6668814B1925FBF800C61F3E /* InfoPlist.strings in Resources */ = {isa = PBXBuildFile; fileRef = 666881491925FBF800C61F3E /* InfoPlist.strings */; };
		6668814D1925FBF800C61F3E /* main.m in Sources */ = {isa = PBXBuildFile; fileRef = 6668814C1925FBF800C61F3E /* main.m */; };
		666881511925FBF800C61F3E /* AppDelegate.m in Sources */ = {isa = PBXBuildFile; fileRef = 666881501925FBF800C61F3E /* AppDelegate.m */; };
		666881541925FBF800C61F3E /* Main.storyboard in Resources */ = {isa = PBXBuildFile; fileRef = 666881521925FBF800C61F3E /* Main.storyboard */; };
		666881571925FBF800C61F3E /* ViewController.m in Sources */ = {isa = PBXBuildFile; fileRef = 666881561925FBF800C61F3E /* ViewController.m */; };
		666881591925FBF800C61F3E /* Images.xcassets in Resources */ = {isa = PBXBuildFile; fileRef = 666881581925FBF800C61F3E /* Images.xcassets */; };
		666881601925FBF800C61F3E /* XCTest.framework in Frameworks */ = {isa = PBXBuildFile; fileRef = 6668815F1925FBF800C61F3E /* XCTest.framework */; };
		666881611925FBF800C61F3E /* Foundation.framework in Frameworks */ = {isa = PBXBuildFile; fileRef = 666881401925FBF800C61F3E /* Foundation.framework */; };
		666881621925FBF800C61F3E /* UIKit.framework in Frameworks */ = {isa = PBXBuildFile; fileRef = 666881441925FBF800C61F3E /* UIKit.framework */; };
		6668816A1925FBF800C61F3E /* InfoPlist.strings in Resources */ = {isa = PBXBuildFile; fileRef = 666881681925FBF800C61F3E /* InfoPlist.strings */; };
		6668816C1925FBF800C61F3E /* MeiPaiEffectsDemoTests.m in Sources */ = {isa = PBXBuildFile; fileRef = 6668816B1925FBF800C61F3E /* MeiPaiEffectsDemoTests.m */; };
/* End PBXBuildFile section */

/* Begin PBXContainerItemProxy section */
		666881631925FBF800C61F3E /* PBXContainerItemProxy */ = {
			isa = PBXContainerItemProxy;
			containerPortal = 666881351925FBF800C61F3E /* Project object */;
			proxyType = 1;
			remoteGlobalIDString = 6668813C1925FBF800C61F3E;
			remoteInfo = MeiPaiEffectsDemo;
		};
/* End PBXContainerItemProxy section */

/* Begin PBXFileReference section */
		6668813D1925FBF800C61F3E /* MeiPaiEffectsDemo.app */ = {isa = PBXFileReference; explicitFileType = wrapper.application; includeInIndex = 0; path = MeiPaiEffectsDemo.app; sourceTree = BUILT_PRODUCTS_DIR; };
		666881401925FBF800C61F3E /* Foundation.framework */ = {isa = PBXFileReference; lastKnownFileType = wrapper.framework; name = Foundation.framework; path = System/Library/Frameworks/Foundation.framework; sourceTree = SDKROOT; };
		666881421925FBF800C61F3E /* CoreGraphics.framework */ = {isa = PBXFileReference; lastKnownFileType = wrapper.framework; name = CoreGraphics.framework; path = System/Library/Frameworks/CoreGraphics.framework; sourceTree = SDKROOT; };
		666881441925FBF800C61F3E /* UIKit.framework */ = {isa = PBXFileReference; lastKnownFileType = wrapper.framework; name = UIKit.framework; path = System/Library/Frameworks/UIKit.framework; sourceTree = SDKROOT; };
		666881481925FBF800C61F3E /* MeiPaiEffectsDemo-Info.plist */ = {isa = PBXFileReference; lastKnownFileType = text.plist.xml; path = "MeiPaiEffectsDemo-Info.plist"; sourceTree = "<group>"; };
		6668814A1925FBF800C61F3E /* en */ = {isa = PBXFileReference; lastKnownFileType = text.plist.strings; name = en; path = en.lproj/InfoPlist.strings; sourceTree = "<group>"; };
		6668814C1925FBF800C61F3E /* main.m */ = {isa = PBXFileReference; lastKnownFileType = sourcecode.c.objc; path = main.m; sourceTree = "<group>"; };
		6668814E1925FBF800C61F3E /* MeiPaiEffectsDemo-Prefix.pch */ = {isa = PBXFileReference; lastKnownFileType = sourcecode.c.h; path = "MeiPaiEffectsDemo-Prefix.pch"; sourceTree = "<group>"; };
		6668814F1925FBF800C61F3E /* AppDelegate.h */ = {isa = PBXFileReference; lastKnownFileType = sourcecode.c.h; path = AppDelegate.h; sourceTree = "<group>"; };
		666881501925FBF800C61F3E /* AppDelegate.m */ = {isa = PBXFileReference; lastKnownFileType = sourcecode.c.objc; path = AppDelegate.m; sourceTree = "<group>"; };
		666881531925FBF800C61F3E /* Base */ = {isa = PBXFileReference; lastKnownFileType = file.storyboard; name = Base; path = Base.lproj/Main.storyboard; sourceTree = "<group>"; };
		666881551925FBF800C61F3E /* ViewController.h */ = {isa = PBXFileReference; lastKnownFileType = sourcecode.c.h; path = ViewController.h; sourceTree = "<group>"; };
		666881561925FBF800C61F3E /* ViewController.m */ = {isa = PBXFileReference; lastKnownFileType = sourcecode.c.objc; path = ViewController.m; sourceTree = "<group>"; };
		666881581925FBF800C61F3E /* Images.xcassets */ = {isa = PBXFileReference; lastKnownFileType = folder.assetcatalog; path = Images.xcassets; sourceTree = "<group>"; };
		6668815E1925FBF800C61F3E /* MeiPaiEffectsDemoTests.xctest */ = {isa = PBXFileReference; explicitFileType = wrapper.cfbundle; includeInIndex = 0; path = MeiPaiEffectsDemoTests.xctest; sourceTree = BUILT_PRODUCTS_DIR; };
		6668815F1925FBF800C61F3E /* XCTest.framework */ = {isa = PBXFileReference; lastKnownFileType = wrapper.framework; name = XCTest.framework; path = Library/Frameworks/XCTest.framework; sourceTree = DEVELOPER_DIR; };
		666881671925FBF800C61F3E /* MeiPaiEffectsDemoTests-Info.plist */ = {isa = PBXFileReference; lastKnownFileType = text.plist.xml; path = "MeiPaiEffectsDemoTests-Info.plist"; sourceTree = "<group>"; };
		666881691925FBF800C61F3E /* en */ = {isa = PBXFileReference; lastKnownFileType = text.plist.strings; name = en; path = en.lproj/InfoPlist.strings; sourceTree = "<group>"; };
		6668816B1925FBF800C61F3E /* MeiPaiEffectsDemoTests.m */ = {isa = PBXFileReference; lastKnownFileType = sourcecode.c.objc; path = MeiPaiEffectsDemoTests.m; sourceTree = "<group>"; };
/* End PBXFileReference section */

/* Begin PBXFrameworksBuildPhase section */
		6668813A1925FBF800C61F3E /* Frameworks */ = {
			isa = PBXFrameworksBuildPhase;
			buildActionMask = 2147483647;
			files = (
				666881431925FBF800C61F3E /* CoreGraphics.framework in Frameworks */,
				666881451925FBF800C61F3E /* UIKit.framework in Frameworks */,
				666881411925FBF800C61F3E /* Foundation.framework in Frameworks */,
			);
			runOnlyForDeploymentPostprocessing = 0;
		};
		6668815B1925FBF800C61F3E /* Frameworks */ = {
			isa = PBXFrameworksBuildPhase;
			buildActionMask = 2147483647;
			files = (
				666881601925FBF800C61F3E /* XCTest.framework in Frameworks */,
				666881621925FBF800C61F3E /* UIKit.framework in Frameworks */,
				666881611925FBF800C61F3E /* Foundation.framework in Frameworks */,
			);
			runOnlyForDeploymentPostprocessing = 0;
		};
/* End PBXFrameworksBuildPhase section */

/* Begin PBXGroup section */
		666881341925FBF800C61F3E = {
			isa = PBXGroup;
			children = (
				666881461925FBF800C61F3E /* MeiPaiEffectsDemo */,
				666881651925FBF800C61F3E /* MeiPaiEffectsDemoTests */,
				6668813F1925FBF800C61F3E /* Frameworks */,
				6668813E1925FBF800C61F3E /* Products */,
			);
			sourceTree = "<group>";
		};
		6668813E1925FBF800C61F3E /* Products */ = {
			isa = PBXGroup;
			children = (
				6668813D1925FBF800C61F3E /* MeiPaiEffectsDemo.app */,
				6668815E1925FBF800C61F3E /* MeiPaiEffectsDemoTests.xctest */,
			);
			name = Products;
			sourceTree = "<group>";
		};
		6668813F1925FBF800C61F3E /* Frameworks */ = {
			isa = PBXGroup;
			children = (
				666881401925FBF800C61F3E /* Foundation.framework */,
				666881421925FBF800C61F3E /* CoreGraphics.framework */,
				666881441925FBF800C61F3E /* UIKit.framework */,
				6668815F1925FBF800C61F3E /* XCTest.framework */,
			);
			name = Frameworks;
			sourceTree = "<group>";
		};
		666881461925FBF800C61F3E /* MeiPaiEffectsDemo */ = {
			isa = PBXGroup;
			children = (
				6668814F1925FBF800C61F3E /* AppDelegate.h */,
				666881501925FBF800C61F3E /* AppDelegate.m */,
				666881521925FBF800C61F3E /* Main.storyboard */,
				666881551925FBF800C61F3E /* ViewController.h */,
				666881561925FBF800C61F3E /* ViewController.m */,
				666881581925FBF800C61F3E /* Images.xcassets */,
				666881471925FBF800C61F3E /* Supporting Files */,
			);
			path = MeiPaiEffectsDemo;
			sourceTree = "<group>";
		};
		666881471925FBF800C61F3E /* Supporting Files */ = {
			isa = PBXGroup;
			children = (
				666881481925FBF800C61F3E /* MeiPaiEffectsDemo-Info.plist */,
				666881491925FBF800C61F3E /* InfoPlist.strings */,
				6668814C1925FBF800C61F3E /* main.m */,
				6668814E1925FBF800C61F3E /* MeiPaiEffectsDemo-Prefix.pch */,
			);
			name = "Supporting Files";
			sourceTree = "<group>";
		};
		666881651925FBF800C61F3E /* MeiPaiEffectsDemoTests */ = {
			isa = PBXGroup;
			children = (
				6668816B1925FBF800C61F3E /* MeiPaiEffectsDemoTests.m */,
				666881661925FBF800C61F3E /* Supporting Files */,
			);
			path = MeiPaiEffectsDemoTests;
			sourceTree = "<group>";
		};
		666881661925FBF800C61F3E /* Supporting Files */ = {
			isa = PBXGroup;
			children = (
				666881671925FBF800C61F3E /* MeiPaiEffectsDemoTests-Info.plist */,
				666881681925FBF800C61F3E /* InfoPlist.strings */,
			);
			name = "Supporting Files";
			sourceTree = "<group>";
		};
/* End PBXGroup section */

/* Begin PBXNativeTarget section */
		6668813C1925FBF800C61F3E /* MeiPaiEffectsDemo */ = {
			isa = PBXNativeTarget;
			buildConfigurationList = 6668816F1925FBF800C61F3E /* Build configuration list for PBXNativeTarget "MeiPaiEffectsDemo" */;
			buildPhases = (
				666881391925FBF800C61F3E /* Sources */,
				6668813A1925FBF800C61F3E /* Frameworks */,
				6668813B1925FBF800C61F3E /* Resources */,
			);
			buildRules = (
			);
			dependencies = (
			);
			name = MeiPaiEffectsDemo;
			productName = MeiPaiEffectsDemo;
			productReference = 6668813D1925FBF800C61F3E /* MeiPaiEffectsDemo.app */;
			productType = "com.apple.product-type.application";
		};
		6668815D1925FBF800C61F3E /* MeiPaiEffectsDemoTests */ = {
			isa = PBXNativeTarget;
			buildConfigurationList = 666881721925FBF800C61F3E /* Build configuration list for PBXNativeTarget "MeiPaiEffectsDemoTests" */;
			buildPhases = (
				6668815A1925FBF800C61F3E /* Sources */,
				6668815B1925FBF800C61F3E /* Frameworks */,
				6668815C1925FBF800C61F3E /* Resources */,
			);
			buildRules = (
			);
			dependencies = (
				666881641925FBF800C61F3E /* PBXTargetDependency */,
			);
			name = MeiPaiEffectsDemoTests;
			productName = MeiPaiEffectsDemoTests;
			productReference = 6668815E1925FBF800C61F3E /* MeiPaiEffectsDemoTests.xctest */;
			productType = "com.apple.product-type.bundle.unit-test";
		};
/* End PBXNativeTarget section */

/* Begin PBXProject section */
		666881351925FBF800C61F3E /* Project object */ = {
			isa = PBXProject;
			attributes = {
				LastUpgradeCheck = 0510;
				ORGANIZATIONNAME = Khazmovsky;
				TargetAttributes = {
					6668815D1925FBF800C61F3E = {
						TestTargetID = 6668813C1925FBF800C61F3E;
					};
				};
			};
			buildConfigurationList = 666881381925FBF800C61F3E /* Build configuration list for PBXProject "MeiPaiEffectsDemo" */;
			compatibilityVersion = "Xcode 3.2";
			developmentRegion = English;
			hasScannedForEncodings = 0;
			knownRegions = (
				en,
				Base,
			);
			mainGroup = 666881341925FBF800C61F3E;
			productRefGroup = 6668813E1925FBF800C61F3E /* Products */;
			projectDirPath = "";
			projectRoot = "";
			targets = (
				6668813C1925FBF800C61F3E /* MeiPaiEffectsDemo */,
				6668815D1925FBF800C61F3E /* MeiPaiEffectsDemoTests */,
			);
		};
/* End PBXProject section */

/* Begin PBXResourcesBuildPhase section */
		6668813B1925FBF800C61F3E /* Resources */ = {
			isa = PBXResourcesBuildPhase;
			buildActionMask = 2147483647;
			files = (
				666881591925FBF800C61F3E /* Images.xcassets in Resources */,
				6668814B1925FBF800C61F3E /* InfoPlist.strings in Resources */,
				666881541925FBF800C61F3E /* Main.storyboard in Resources */,
			);
			runOnlyForDeploymentPostprocessing = 0;
		};
		6668815C1925FBF800C61F3E /* Resources */ = {
			isa = PBXResourcesBuildPhase;
			buildActionMask = 2147483647;
			files = (
				6668816A1925FBF800C61F3E /* InfoPlist.strings in Resources */,
			);
			runOnlyForDeploymentPostprocessing = 0;
		};
/* End PBXResourcesBuildPhase section */

/* Begin PBXSourcesBuildPhase section */
		666881391925FBF800C61F3E /* Sources */ = {
			isa = PBXSourcesBuildPhase;
			buildActionMask = 2147483647;
			files = (
				666881571925FBF800C61F3E /* ViewController.m in Sources */,
				666881511925FBF800C61F3E /* AppDelegate.m in Sources */,
				6668814D1925FBF800C61F3E /* main.m in Sources */,
			);
			runOnlyForDeploymentPostprocessing = 0;
		};
		6668815A1925FBF800C61F3E /* Sources */ = {
			isa = PBXSourcesBuildPhase;
			buildActionMask = 2147483647;
			files = (
				6668816C1925FBF800C61F3E /* MeiPaiEffectsDemoTests.m in Sources */,
			);
			runOnlyForDeploymentPostprocessing = 0;
		};
/* End PBXSourcesBuildPhase section */

/* Begin PBXTargetDependency section */
		666881641925FBF800C61F3E /* PBXTargetDependency */ = {
			isa = PBXTargetDependency;
			target = 6668813C1925FBF800C61F3E /* MeiPaiEffectsDemo */;
			targetProxy = 666881631925FBF800C61F3E /* PBXContainerItemProxy */;
		};
/* End PBXTargetDependency section */

/* Begin PBXVariantGroup section */
		666881491925FBF800C61F3E /* InfoPlist.strings */ = {
			isa = PBXVariantGroup;
			children = (
				6668814A1925FBF800C61F3E /* en */,
			);
			name = InfoPlist.strings;
			sourceTree = "<group>";
		};
		666881521925FBF800C61F3E /* Main.storyboard */ = {
			isa = PBXVariantGroup;
			children = (
				666881531925FBF800C61F3E /* Base */,
			);
			name = Main.storyboard;
			sourceTree = "<group>";
		};
		666881681925FBF800C61F3E /* InfoPlist.strings */ = {
			isa = PBXVariantGroup;
			children = (
				666881691925FBF800C61F3E /* en */,
			);
			name = InfoPlist.strings;
			sourceTree = "<group>";
		};
/* End PBXVariantGroup section */

/* Begin XCBuildConfiguration section */
		6668816D1925FBF800C61F3E /* Debug */ = {
			isa = XCBuildConfiguration;
			buildSettings = {
				ALWAYS_SEARCH_USER_PATHS = NO;
				CLANG_CXX_LANGUAGE_STANDARD = "gnu++0x";
				CLANG_CXX_LIBRARY = "libc++";
				CLANG_ENABLE_MODULES = YES;
				CLANG_ENABLE_OBJC_ARC = YES;
				CLANG_WARN_BOOL_CONVERSION = YES;
				CLANG_WARN_CONSTANT_CONVERSION = YES;
				CLANG_WARN_DIRECT_OBJC_ISA_USAGE = YES_ERROR;
				CLANG_WARN_EMPTY_BODY = YES;
				CLANG_WARN_ENUM_CONVERSION = YES;
				CLANG_WARN_INT_CONVERSION = YES;
				CLANG_WARN_OBJC_ROOT_CLASS = YES_ERROR;
				CLANG_WARN__DUPLICATE_METHOD_MATCH = YES;
				"CODE_SIGN_IDENTITY[sdk=iphoneos*]" = "iPhone Developer";
				COPY_PHASE_STRIP = NO;
				GCC_C_LANGUAGE_STANDARD = gnu99;
				GCC_DYNAMIC_NO_PIC = NO;
				GCC_OPTIMIZATION_LEVEL = 0;
				GCC_PREPROCESSOR_DEFINITIONS = (
					"DEBUG=1",
					"$(inherited)",
				);
				GCC_SYMBOLS_PRIVATE_EXTERN = NO;
				GCC_WARN_64_TO_32_BIT_CONVERSION = YES;
				GCC_WARN_ABOUT_RETURN_TYPE = YES_ERROR;
				GCC_WARN_UNDECLARED_SELECTOR = YES;
				GCC_WARN_UNINITIALIZED_AUTOS = YES_AGGRESSIVE;
				GCC_WARN_UNUSED_FUNCTION = YES;
				GCC_WARN_UNUSED_VARIABLE = YES;
				IPHONEOS_DEPLOYMENT_TARGET = 7.1;
				ONLY_ACTIVE_ARCH = YES;
				SDKROOT = iphoneos;
			};
			name = Debug;
		};
		6668816E1925FBF800C61F3E /* Release */ = {
			isa = XCBuildConfiguration;
			buildSettings = {
				ALWAYS_SEARCH_USER_PATHS = NO;
				CLANG_CXX_LANGUAGE_STANDARD = "gnu++0x";
				CLANG_CXX_LIBRARY = "libc++";
				CLANG_ENABLE_MODULES = YES;
				CLANG_ENABLE_OBJC_ARC = YES;
				CLANG_WARN_BOOL_CONVERSION = YES;
				CLANG_WARN_CONSTANT_CONVERSION = YES;
				CLANG_WARN_DIRECT_OBJC_ISA_USAGE = YES_ERROR;
				CLANG_WARN_EMPTY_BODY = YES;
				CLANG_WARN_ENUM_CONVERSION = YES;
				CLANG_WARN_INT_CONVERSION = YES;
				CLANG_WARN_OBJC_ROOT_CLASS = YES_ERROR;
				CLANG_WARN__DUPLICATE_METHOD_MATCH = YES;
				"CODE_SIGN_IDENTITY[sdk=iphoneos*]" = "iPhone Developer";
				COPY_PHASE_STRIP = YES;
				ENABLE_NS_ASSERTIONS = NO;
				GCC_C_LANGUAGE_STANDARD = gnu99;
				GCC_WARN_64_TO_32_BIT_CONVERSION = YES;
				GCC_WARN_ABOUT_RETURN_TYPE = YES_ERROR;
				GCC_WARN_UNDECLARED_SELECTOR = YES;
				GCC_WARN_UNINITIALIZED_AUTOS = YES_AGGRESSIVE;
				GCC_WARN_UNUSED_FUNCTION = YES;
				GCC_WARN_UNUSED_VARIABLE = YES;
				IPHONEOS_DEPLOYMENT_TARGET = 7.1;
				SDKROOT = iphoneos;
				VALIDATE_PRODUCT = YES;
			};
			name = Release;
		};
		666881701925FBF800C61F3E /* Debug */ = {
			isa = XCBuildConfiguration;
			buildSettings = {
				ASSETCATALOG_COMPILER_APPICON_NAME = AppIcon;
				ASSETCATALOG_COMPILER_LAUNCHIMAGE_NAME = LaunchImage;
				GCC_PRECOMPILE_PREFIX_HEADER = YES;
				GCC_PREFIX_HEADER = "MeiPaiEffectsDemo/MeiPaiEffectsDemo-Prefix.pch";
				INFOPLIST_FILE = "MeiPaiEffectsDemo/MeiPaiEffectsDemo-Info.plist";
				PRODUCT_NAME = "$(TARGET_NAME)";
				WRAPPER_EXTENSION = app;
			};
			name = Debug;
		};
		666881711925FBF800C61F3E /* Release */ = {
			isa = XCBuildConfiguration;
			buildSettings = {
				ASSETCATALOG_COMPILER_APPICON_NAME = AppIcon;
				ASSETCATALOG_COMPILER_LAUNCHIMAGE_NAME = LaunchImage;
				GCC_PRECOMPILE_PREFIX_HEADER = YES;
				GCC_PREFIX_HEADER = "MeiPaiEffectsDemo/MeiPaiEffectsDemo-Prefix.pch";
				INFOPLIST_FILE = "MeiPaiEffectsDemo/MeiPaiEffectsDemo-Info.plist";
				PRODUCT_NAME = "$(TARGET_NAME)";
				WRAPPER_EXTENSION = app;
			};
			name = Release;
		};
		666881731925FBF800C61F3E /* Debug */ = {
			isa = XCBuildConfiguration;
			buildSettings = {
				BUNDLE_LOADER = "$(BUILT_PRODUCTS_DIR)/MeiPaiEffectsDemo.app/MeiPaiEffectsDemo";
				FRAMEWORK_SEARCH_PATHS = (
					"$(SDKROOT)/Developer/Library/Frameworks",
					"$(inherited)",
					"$(DEVELOPER_FRAMEWORKS_DIR)",
				);
				GCC_PRECOMPILE_PREFIX_HEADER = YES;
				GCC_PREFIX_HEADER = "MeiPaiEffectsDemo/MeiPaiEffectsDemo-Prefix.pch";
				GCC_PREPROCESSOR_DEFINITIONS = (
					"DEBUG=1",
					"$(inherited)",
				);
				INFOPLIST_FILE = "MeiPaiEffectsDemoTests/MeiPaiEffectsDemoTests-Info.plist";
				PRODUCT_NAME = "$(TARGET_NAME)";
				TEST_HOST = "$(BUNDLE_LOADER)";
				WRAPPER_EXTENSION = xctest;
			};
			name = Debug;
		};
		666881741925FBF800C61F3E /* Release */ = {
			isa = XCBuildConfiguration;
			buildSettings = {
				BUNDLE_LOADER = "$(BUILT_PRODUCTS_DIR)/MeiPaiEffectsDemo.app/MeiPaiEffectsDemo";
				FRAMEWORK_SEARCH_PATHS = (
					"$(SDKROOT)/Developer/Library/Frameworks",
					"$(inherited)",
					"$(DEVELOPER_FRAMEWORKS_DIR)",
				);
				GCC_PRECOMPILE_PREFIX_HEADER = YES;
				GCC_PREFIX_HEADER = "MeiPaiEffectsDemo/MeiPaiEffectsDemo-Prefix.pch";
				INFOPLIST_FILE = "MeiPaiEffectsDemoTests/MeiPaiEffectsDemoTests-Info.plist";
				PRODUCT_NAME = "$(TARGET_NAME)";
				TEST_HOST = "$(BUNDLE_LOADER)";
				WRAPPER_EXTENSION = xctest;
			};
			name = Release;
		};
/* End XCBuildConfiguration section */

/* Begin XCConfigurationList section */
		666881381925FBF800C61F3E /* Build configuration list for PBXProject "MeiPaiEffectsDemo" */ = {
			isa = XCConfigurationList;
			buildConfigurations = (
				6668816D1925FBF800C61F3E /* Debug */,
				6668816E1925FBF800C61F3E /* Release */,
			);
			defaultConfigurationIsVisible = 0;
			defaultConfigurationName = Release;
		};
		6668816F1925FBF800C61F3E /* Build configuration list for PBXNativeTarget "MeiPaiEffectsDemo" */ = {
			isa = XCConfigurationList;
			buildConfigurations = (
				666881701925FBF800C61F3E /* Debug */,
				666881711925FBF800C61F3E /* Release */,
			);
			defaultConfigurationIsVisible = 0;
		};
		666881721925FBF800C61F3E /* Build configuration list for PBXNativeTarget "MeiPaiEffectsDemoTests" */ = {
			isa = XCConfigurationList;
			buildConfigurations = (
				666881731925FBF800C61F3E /* Debug */,
				666881741925FBF800C61F3E /* Release */,
			);
			defaultConfigurationIsVisible = 0;
		};
/* End XCConfigurationList section */
	};
	rootObject = 666881351925FBF800C61F3E /* Project object */;
}
